
Microsoft Visual Studio Solution File, Format Version 12.00
# Visual Studio Version 17
VisualStudioVersion = 17.6.33829.357
MinimumVisualStudioVersion = 10.0.40219.1
Project("{FAE04EC0-301F-11D3-BF4B-00C04F79EFBC}") = "API", "API\API.csproj", "{CBA2161E-16E1-4535-906E-F03AA3BB91DB}"
EndProject
Global
	GlobalSection(SolutionConfigurationPlatforms) = preSolution
		Debug|Any CPU = Debug|Any CPU
		Release|Any CPU = Release|Any CPU
	EndGlobalSection
	GlobalSection(ProjectConfigurationPlatforms) = postSolution
		{CBA2161E-16E1-4535-906E-F03AA3BB91DB}.Debug|Any CPU.ActiveCfg = Debug|Any CPU
		{CBA2161E-16E1-4535-906E-F03AA3BB91DB}.Debug|Any CPU.Build.0 = Debug|Any CPU
		{CBA2161E-16E1-4535-906E-F03AA3BB91DB}.Release|Any CPU.ActiveCfg = Release|Any CPU
		{CBA2161E-16E1-4535-906E-F03AA3BB91DB}.Release|Any CPU.Build.0 = Release|Any CPU
	EndGlobalSection
	GlobalSection(SolutionProperties) = preSolution
		HideSolutionNode = FALSE
	EndGlobalSection
	GlobalSection(ExtensibilityGlobals) = postSolution
		SolutionGuid = {CCD6D728-AA7E-4CF0-99FF-9C4A28CCDEA8}
	EndGlobalSection
EndGlobal
